// !$*UTF8*$!
{
	archiveVersion = 1;
	classes = {
	};
	objectVersion = 46;
	objects = {

/* Begin PBXBuildFile section */
		B20070C61BAF94AF0086D531 /* main.m in Sources */ = {isa = PBXBuildFile; fileRef = B20070C51BAF94AF0086D531 /* main.m */; };
		B20070C91BAF94AF0086D531 /* AppDelegate.m in Sources */ = {isa = PBXBuildFile; fileRef = B20070C81BAF94AF0086D531 /* AppDelegate.m */; };
		B20070CC1BAF94AF0086D531 /* ViewController.m in Sources */ = {isa = PBXBuildFile; fileRef = B20070CB1BAF94AF0086D531 /* ViewController.m */; };
		B20070CF1BAF94AF0086D531 /* Main.storyboard in Resources */ = {isa = PBXBuildFile; fileRef = B20070CD1BAF94AF0086D531 /* Main.storyboard */; };
		B20070D11BAF94AF0086D531 /* Images.xcassets in Resources */ = {isa = PBXBuildFile; fileRef = B20070D01BAF94AF0086D531 /* Images.xcassets */; };
		B20070D41BAF94AF0086D531 /* LaunchScreen.xib in Resources */ = {isa = PBXBuildFile; fileRef = B20070D21BAF94AF0086D531 /* LaunchScreen.xib */; };
		B20070E01BAF94AF0086D531 /* xuetongxunTests.m in Sources */ = {isa = PBXBuildFile; fileRef = B20070DF1BAF94AF0086D531 /* xuetongxunTests.m */; };
/* End PBXBuildFile section */

/* Begin PBXContainerItemProxy section */
		B20070DA1BAF94AF0086D531 /* PBXContainerItemProxy */ = {
			isa = PBXContainerItemProxy;
			containerPortal = B20070B81BAF94AF0086D531 /* Project object */;
			proxyType = 1;
			remoteGlobalIDString = B20070BF1BAF94AF0086D531;
			remoteInfo = xuetongxun;
		};
/* End PBXContainerItemProxy section */

/* Begin PBXFileReference section */
		B20070C01BAF94AF0086D531 /* xuetongxun.app */ = {isa = PBXFileReference; explicitFileType = wrapper.application; includeInIndex = 0; path = xuetongxun.app; sourceTree = BUILT_PRODUCTS_DIR; };
		B20070C41BAF94AF0086D531 /* Info.plist */ = {isa = PBXFileReference; lastKnownFileType = text.plist.xml; path = Info.plist; sourceTree = "<group>"; };
		B20070C51BAF94AF0086D531 /* main.m */ = {isa = PBXFileReference; lastKnownFileType = sourcecode.c.objc; path = main.m; sourceTree = "<group>"; };
		B20070C71BAF94AF0086D531 /* AppDelegate.h */ = {isa = PBXFileReference; lastKnownFileType = sourcecode.c.h; path = AppDelegate.h; sourceTree = "<group>"; };
		B20070C81BAF94AF0086D531 /* AppDelegate.m */ = {isa = PBXFileReference; lastKnownFileType = sourcecode.c.objc; path = AppDelegate.m; sourceTree = "<group>"; };
		B20070CA1BAF94AF0086D531 /* ViewController.h */ = {isa = PBXFileReference; lastKnownFileType = sourcecode.c.h; path = ViewController.h; sourceTree = "<group>"; };
		B20070CB1BAF94AF0086D531 /* ViewController.m */ = {isa = PBXFileReference; lastKnownFileType = sourcecode.c.objc; path = ViewController.m; sourceTree = "<group>"; };
		B20070CE1BAF94AF0086D531 /* Base */ = {isa = PBXFileReference; lastKnownFileType = file.storyboard; name = Base; path = Base.lproj/Main.storyboard; sourceTree = "<group>"; };
		B20070D01BAF94AF0086D531 /* Images.xcassets */ = {isa = PBXFileReference; lastKnownFileType = folder.assetcatalog; path = Images.xcassets; sourceTree = "<group>"; };
		B20070D31BAF94AF0086D531 /* Base */ = {isa = PBXFileReference; lastKnownFileType = file.xib; name = Base; path = Base.lproj/LaunchScreen.xib; sourceTree = "<group>"; };
		B20070D91BAF94AF0086D531 /* xuetongxunTests.xctest */ = {isa = PBXFileReference; explicitFileType = wrapper.cfbundle; includeInIndex = 0; path = xuetongxunTests.xctest; sourceTree = BUILT_PRODUCTS_DIR; };
		B20070DE1BAF94AF0086D531 /* Info.plist */ = {isa = PBXFileReference; lastKnownFileType = text.plist.xml; path = Info.plist; sourceTree = "<group>"; };
		B20070DF1BAF94AF0086D531 /* xuetongxunTests.m */ = {isa = PBXFileReference; lastKnownFileType = sourcecode.c.objc; path = xuetongxunTests.m; sourceTree = "<group>"; };
/* End PBXFileReference section */

/* Begin PBXFrameworksBuildPhase section */
		B20070BD1BAF94AF0086D531 /* Frameworks */ = {
			isa = PBXFrameworksBuildPhase;
			buildActionMask = 2147483647;
			files = (
			);
			runOnlyForDeploymentPostprocessing = 0;
		};
		B20070D61BAF94AF0086D531 /* Frameworks */ = {
			isa = PBXFrameworksBuildPhase;
			buildActionMask = 2147483647;
			files = (
			);
			runOnlyForDeploymentPostprocessing = 0;
		};
/* End PBXFrameworksBuildPhase section */

/* Begin PBXGroup section */
		B20070B71BAF94AF0086D531 = {
			isa = PBXGroup;
			children = (
				B20070C21BAF94AF0086D531 /* xuetongxun */,
				B20070DC1BAF94AF0086D531 /* xuetongxunTests */,
				B20070C11BAF94AF0086D531 /* Products */,
			);
			sourceTree = "<group>";
		};
		B20070C11BAF94AF0086D531 /* Products */ = {
			isa = PBXGroup;
			children = (
				B20070C01BAF94AF0086D531 /* xuetongxun.app */,
				B20070D91BAF94AF0086D531 /* xuetongxunTests.xctest */,
			);
			name = Products;
			sourceTree = "<group>";
		};
		B20070C21BAF94AF0086D531 /* xuetongxun */ = {
			isa = PBXGroup;
			children = (
				B20070C71BAF94AF0086D531 /* AppDelegate.h */,
				B20070C81BAF94AF0086D531 /* AppDelegate.m */,
				B20070CA1BAF94AF0086D531 /* ViewController.h */,
				B20070CB1BAF94AF0086D531 /* ViewController.m */,
				B20070CD1BAF94AF0086D531 /* Main.storyboard */,
				B20070D01BAF94AF0086D531 /* Images.xcassets */,
				B20070D21BAF94AF0086D531 /* LaunchScreen.xib */,
				B20070C31BAF94AF0086D531 /* Supporting Files */,
			);
			path = xuetongxun;
			sourceTree = "<group>";
		};
		B20070C31BAF94AF0086D531 /* Supporting Files */ = {
			isa = PBXGroup;
			children = (
				B20070C41BAF94AF0086D531 /* Info.plist */,
				B20070C51BAF94AF0086D531 /* main.m */,
			);
			name = "Supporting Files";
			sourceTree = "<group>";
		};
		B20070DC1BAF94AF0086D531 /* xuetongxunTests */ = {
			isa = PBXGroup;
			children = (
				B20070DF1BAF94AF0086D531 /* xuetongxunTests.m */,
				B20070DD1BAF94AF0086D531 /* Supporting Files */,
			);
			path = xuetongxunTests;
			sourceTree = "<group>";
		};
		B20070DD1BAF94AF0086D531 /* Supporting Files */ = {
			isa = PBXGroup;
			children = (
				B20070DE1BAF94AF0086D531 /* Info.plist */,
			);
			name = "Supporting Files";
			sourceTree = "<group>";
		};
/* End PBXGroup section */

/* Begin PBXNativeTarget section */
		B20070BF1BAF94AF0086D531 /* xuetongxun */ = {
			isa = PBXNativeTarget;
			buildConfigurationList = B20070E31BAF94AF0086D531 /* Build configuration list for PBXNativeTarget "xuetongxun" */;
			buildPhases = (
				B20070BC1BAF94AF0086D531 /* Sources */,
				B20070BD1BAF94AF0086D531 /* Frameworks */,
				B20070BE1BAF94AF0086D531 /* Resources */,
			);
			buildRules = (
			);
			dependencies = (
			);
			name = xuetongxun;
			productName = xuetongxun;
			productReference = B20070C01BAF94AF0086D531 /* xuetongxun.app */;
			productType = "com.apple.product-type.application";
		};
		B20070D81BAF94AF0086D531 /* xuetongxunTests */ = {
			isa = PBXNativeTarget;
			buildConfigurationList = B20070E61BAF94AF0086D531 /* Build configuration list for PBXNativeTarget "xuetongxunTests" */;
			buildPhases = (
				B20070D51BAF94AF0086D531 /* Sources */,
				B20070D61BAF94AF0086D531 /* Frameworks */,
				B20070D71BAF94AF0086D531 /* Resources */,
			);
			buildRules = (
			);
			dependencies = (
				B20070DB1BAF94AF0086D531 /* PBXTargetDependency */,
			);
			name = xuetongxunTests;
			productName = xuetongxunTests;
			productReference = B20070D91BAF94AF0086D531 /* xuetongxunTests.xctest */;
			productType = "com.apple.product-type.bundle.unit-test";
		};
/* End PBXNativeTarget section */

/* Begin PBXProject section */
		B20070B81BAF94AF0086D531 /* Project object */ = {
			isa = PBXProject;
			attributes = {
				LastUpgradeCheck = 0640;
				ORGANIZATIONNAME = 12xiaozu;
				TargetAttributes = {
					B20070BF1BAF94AF0086D531 = {
						CreatedOnToolsVersion = 6.4;
					};
					B20070D81BAF94AF0086D531 = {
						CreatedOnToolsVersion = 6.4;
						TestTargetID = B20070BF1BAF94AF0086D531;
					};
				};
			};
			buildConfigurationList = B20070BB1BAF94AF0086D531 /* Build configuration list for PBXProject "xuetongxun" */;
			compatibilityVersion = "Xcode 3.2";
			developmentRegion = English;
			hasScannedForEncodings = 0;
			knownRegions = (
				en,
				Base,
			);
			mainGroup = B20070B71BAF94AF0086D531;
			productRefGroup = B20070C11BAF94AF0086D531 /* Products */;
			projectDirPath = "";
			projectRoot = "";
			targets = (
				B20070BF1BAF94AF0086D531 /* xuetongxun */,
				B20070D81BAF94AF0086D531 /* xuetongxunTests */,
			);
		};
/* End PBXProject section */

/* Begin PBXResourcesBuildPhase section */
		B20070BE1BAF94AF0086D531 /* Resources */ = {
			isa = PBXResourcesBuildPhase;
			buildActionMask = 2147483647;
			files = (
				B20070CF1BAF94AF0086D531 /* Main.storyboard in Resources */,
				B20070D41BAF94AF0086D531 /* LaunchScreen.xib in Resources */,
				B20070D11BAF94AF0086D531 /* Images.xcassets in Resources */,
			);
			runOnlyForDeploymentPostprocessing = 0;
		};
		B20070D71BAF94AF0086D531 /* Resources */ = {
			isa = PBXResourcesBuildPhase;
			buildActionMask = 2147483647;
			files = (
			);
			runOnlyForDeploymentPostprocessing = 0;
		};
/* End PBXResourcesBuildPhase section */

/* Begin PBXSourcesBuildPhase section */
		B20070BC1BAF94AF0086D531 /* Sources */ = {
			isa = PBXSourcesBuildPhase;
			buildActionMask = 2147483647;
			files = (
				B20070CC1BAF94AF0086D531 /* ViewController.m in Sources */,
				B20070C91BAF94AF0086D531 /* AppDelegate.m in Sources */,
				B20070C61BAF94AF0086D531 /* main.m in Sources */,
			);
			runOnlyForDeploymentPostprocessing = 0;
		};
		B20070D51BAF94AF0086D531 /* Sources */ = {
			isa = PBXSourcesBuildPhase;
			buildActionMask = 2147483647;
			files = (
				B20070E01BAF94AF0086D531 /* xuetongxunTests.m in Sources */,
			);
			runOnlyForDeploymentPostprocessing = 0;
		};
/* End PBXSourcesBuildPhase section */

/* Begin PBXTargetDependency section */
		B20070DB1BAF94AF0086D531 /* PBXTargetDependency */ = {
			isa = PBXTargetDependency;
			target = B20070BF1BAF94AF0086D531 /* xuetongxun */;
			targetProxy = B20070DA1BAF94AF0086D531 /* PBXContainerItemProxy */;
		};
/* End PBXTargetDependency section */

/* Begin PBXVariantGroup section */
		B20070CD1BAF94AF0086D531 /* Main.storyboard */ = {
			isa = PBXVariantGroup;
			children = (
				B20070CE1BAF94AF0086D531 /* Base */,
			);
			name = Main.storyboard;
			sourceTree = "<group>";
		};
		B20070D21BAF94AF0086D531 /* LaunchScreen.xib */ = {
			isa = PBXVariantGroup;
			children = (
				B20070D31BAF94AF0086D531 /* Base */,
			);
			name = LaunchScreen.xib;
			sourceTree = "<group>";
		};
/* End PBXVariantGroup section */

/* Begin XCBuildConfiguration section */
		B20070E11BAF94AF0086D531 /* Debug */ = {
			isa = XCBuildConfiguration;
			buildSettings = {
				ALWAYS_SEARCH_USER_PATHS = NO;
				CLANG_CXX_LANGUAGE_STANDARD = "gnu++0x";
				CLANG_CXX_LIBRARY = "libc++";
				CLANG_ENABLE_MODULES = YES;
				CLANG_ENABLE_OBJC_ARC = YES;
				CLANG_WARN_BOOL_CONVERSION = YES;
				CLANG_WARN_CONSTANT_CONVERSION = YES;
				CLANG_WARN_DIRECT_OBJC_ISA_USAGE = YES_ERROR;
				CLANG_WARN_EMPTY_BODY = YES;
				CLANG_WARN_ENUM_CONVERSION = YES;
				CLANG_WARN_INT_CONVERSION = YES;
				CLANG_WARN_OBJC_ROOT_CLASS = YES_ERROR;
				CLANG_WARN_UNREACHABLE_CODE = YES;
				CLANG_WARN__DUPLICATE_METHOD_MATCH = YES;
				"CODE_SIGN_IDENTITY[sdk=iphoneos*]" = "iPhone Developer";
				COPY_PHASE_STRIP = NO;
				DEBUG_INFORMATION_FORMAT = "dwarf-with-dsym";
				ENABLE_STRICT_OBJC_MSGSEND = YES;
				GCC_C_LANGUAGE_STANDARD = gnu99;
				GCC_DYNAMIC_NO_PIC = NO;
				GCC_NO_COMMON_BLOCKS = YES;
				GCC_OPTIMIZATION_LEVEL = 0;
				GCC_PREPROCESSOR_DEFINITIONS = (
					"DEBUG=1",
					"$(inherited)",
				);
				GCC_SYMBOLS_PRIVATE_EXTERN = NO;
				GCC_WARN_64_TO_32_BIT_CONVERSION = YES;
				GCC_WARN_ABOUT_RETURN_TYPE = YES_ERROR;
				GCC_WARN_UNDECLARED_SELECTOR = YES;
				GCC_WARN_UNINITIALIZED_AUTOS = YES_AGGRESSIVE;
				GCC_WARN_UNUSED_FUNCTION = YES;
				GCC_WARN_UNUSED_VARIABLE = YES;
				IPHONEOS_DEPLOYMENT_TARGET = 8.4;
				MTL_ENABLE_DEBUG_INFO = YES;
				ONLY_ACTIVE_ARCH = YES;
				SDKROOT = iphoneos;
			};
			name = Debug;
		};
		B20070E21BAF94AF0086D531 /* Release */ = {
			isa = XCBuildConfiguration;
			buildSettings = {
				ALWAYS_SEARCH_USER_PATHS = NO;
				CLANG_CXX_LANGUAGE_STANDARD = "gnu++0x";
				CLANG_CXX_LIBRARY = "libc++";
				CLANG_ENABLE_MODULES = YES;
				CLANG_ENABLE_OBJC_ARC = YES;
				CLANG_WARN_BOOL_CONVERSION = YES;
				CLANG_WARN_CONSTANT_CONVERSION = YES;
				CLANG_WARN_DIRECT_OBJC_ISA_USAGE = YES_ERROR;
				CLANG_WARN_EMPTY_BODY = YES;
				CLANG_WARN_ENUM_CONVERSION = YES;
				CLANG_WARN_INT_CONVERSION = YES;
				CLANG_WARN_OBJC_ROOT_CLASS = YES_ERROR;
				CLANG_WARN_UNREACHABLE_CODE = YES;
				CLANG_WARN__DUPLICATE_METHOD_MATCH = YES;
				"CODE_SIGN_IDENTITY[sdk=iphoneos*]" = "iPhone Developer";
				COPY_PHASE_STRIP = NO;
				DEBUG_INFORMATION_FORMAT = "dwarf-with-dsym";
				ENABLE_NS_ASSERTIONS = NO;
				ENABLE_STRICT_OBJC_MSGSEND = YES;
				GCC_C_LANGUAGE_STANDARD = gnu99;
				GCC_NO_COMMON_BLOCKS = YES;
				GCC_WARN_64_TO_32_BIT_CONVERSION = YES;
				GCC_WARN_ABOUT_RETURN_TYPE = YES_ERROR;
				GCC_WARN_UNDECLARED_SELECTOR = YES;
				GCC_WARN_UNINITIALIZED_AUTOS = YES_AGGRESSIVE;
				GCC_WARN_UNUSED_FUNCTION = YES;
				GCC_WARN_UNUSED_VARIABLE = YES;
				IPHONEOS_DEPLOYMENT_TARGET = 8.4;
				MTL_ENABLE_DEBUG_INFO = NO;
				SDKROOT = iphoneos;
				VALIDATE_PRODUCT = YES;
			};
			name = Release;
		};
		B20070E41BAF94AF0086D531 /* Debug */ = {
			isa = XCBuildConfiguration;
			buildSettings = {
				ASSETCATALOG_COMPILER_APPICON_NAME = AppIcon;
				INFOPLIST_FILE = xuetongxun/Info.plist;
				LD_RUNPATH_SEARCH_PATHS = "$(inherited) @executable_path/Frameworks";
				PRODUCT_NAME = "$(TARGET_NAME)";
			};
			name = Debug;
		};
		B20070E51BAF94AF0086D531 /* Release */ = {
			isa = XCBuildConfiguration;
			buildSettings = {
				ASSETCATALOG_COMPILER_APPICON_NAME = AppIcon;
				INFOPLIST_FILE = xuetongxun/Info.plist;
				LD_RUNPATH_SEARCH_PATHS = "$(inherited) @executable_path/Frameworks";
				PRODUCT_NAME = "$(TARGET_NAME)";
			};
			name = Release;
		};
		B20070E71BAF94AF0086D531 /* Debug */ = {
			isa = XCBuildConfiguration;
			buildSettings = {
				BUNDLE_LOADER = "$(TEST_HOST)";
				FRAMEWORK_SEARCH_PATHS = (
					"$(SDKROOT)/Developer/Library/Frameworks",
					"$(inherited)",
				);
				GCC_PREPROCESSOR_DEFINITIONS = (
					"DEBUG=1",
					"$(inherited)",
				);
				INFOPLIST_FILE = xuetongxunTests/Info.plist;
				LD_RUNPATH_SEARCH_PATHS = "$(inherited) @executable_path/Frameworks @loader_path/Frameworks";
				PRODUCT_NAME = "$(TARGET_NAME)";
				TEST_HOST = "$(BUILT_PRODUCTS_DIR)/xuetongxun.app/xuetongxun";
			};
			name = Debug;
		};
		B20070E81BAF94AF0086D531 /* Release */ = {
			isa = XCBuildConfiguration;
			buildSettings = {
				BUNDLE_LOADER = "$(TEST_HOST)";
				FRAMEWORK_SEARCH_PATHS = (
					"$(SDKROOT)/Developer/Library/Frameworks",
					"$(inherited)",
				);
				INFOPLIST_FILE = xuetongxunTests/Info.plist;
				LD_RUNPATH_SEARCH_PATHS = "$(inherited) @executable_path/Frameworks @loader_path/Frameworks";
				PRODUCT_NAME = "$(TARGET_NAME)";
				TEST_HOST = "$(BUILT_PRODUCTS_DIR)/xuetongxun.app/xuetongxun";
			};
			name = Release;
		};
/* End XCBuildConfiguration section */

/* Begin XCConfigurationList section */
		B20070BB1BAF94AF0086D531 /* Build configuration list for PBXProject "xuetongxun" */ = {
			isa = XCConfigurationList;
			buildConfigurations = (
				B20070E11BAF94AF0086D531 /* Debug */,
				B20070E21BAF94AF0086D531 /* Release */,
			);
			defaultConfigurationIsVisible = 0;
			defaultConfigurationName = Release;
		};
		B20070E31BAF94AF0086D531 /* Build configuration list for PBXNativeTarget "xuetongxun" */ = {
			isa = XCConfigurationList;
			buildConfigurations = (
				B20070E41BAF94AF0086D531 /* Debug */,
				B20070E51BAF94AF0086D531 /* Release */,
			);
			defaultConfigurationIsVisible = 0;
		};
		B20070E61BAF94AF0086D531 /* Build configuration list for PBXNativeTarget "xuetongxunTests" */ = {
			isa = XCConfigurationList;
			buildConfigurations = (
				B20070E71BAF94AF0086D531 /* Debug */,
				B20070E81BAF94AF0086D531 /* Release */,
			);
			defaultConfigurationIsVisible = 0;
		};
/* End XCConfigurationList section */
	};
	rootObject = B20070B81BAF94AF0086D531 /* Project object */;
}
